
Microsoft Visual Studio Solution File, Format Version 12.00
# Visual Studio Version 17
VisualStudioVersion = 17.11.35312.102
MinimumVisualStudioVersion = 10.0.40219.1
Project("{FAE04EC0-301F-11D3-BF4B-00C04F79EFBC}") = "Serilog.Deduplication", "Serilog.Deduplication\Serilog.Deduplication.csproj", "{CC58D489-31F8-4B9F-98D1-EAF2636EA854}"
EndProject
Global
	GlobalSection(SolutionConfigurationPlatforms) = preSolution
		Debug|Any CPU = Debug|Any CPU
		Release|Any CPU = Release|Any CPU
	EndGlobalSection
	GlobalSection(ProjectConfigurationPlatforms) = postSolution
		{CC58D489-31F8-4B9F-98D1-EAF2636EA854}.Debug|Any CPU.ActiveCfg = Debug|Any CPU
		{CC58D489-31F8-4B9F-98D1-EAF2636EA854}.Debug|Any CPU.Build.0 = Debug|Any CPU
		{CC58D489-31F8-4B9F-98D1-EAF2636EA854}.Release|Any CPU.ActiveCfg = Release|Any CPU
		{CC58D489-31F8-4B9F-98D1-EAF2636EA854}.Release|Any CPU.Build.0 = Release|Any CPU
	EndGlobalSection
	GlobalSection(SolutionProperties) = preSolution
		HideSolutionNode = FALSE
	EndGlobalSection
	GlobalSection(ExtensibilityGlobals) = postSolution
		SolutionGuid = {30F6266F-38D4-457A-B74D-0FEC6FFA0119}
	EndGlobalSection
EndGlobal
